
Microsoft Visual Studio Solution File, Format Version 12.00
# Visual Studio Version 17
VisualStudioVersion = 17.2.32505.173
MinimumVisualStudioVersion = 10.0.40219.1
Project("{9A19103F-16F7-4668-BE54-9A1E7A4F7556}") = "TestApp2", "TestApp2\TestApp2.csproj", "{0604D8F2-D336-4E19-B550-6964446A9833}"
EndProject
Project("{FAE04EC0-301F-11D3-BF4B-00C04F79EFBC}") = "PotrosacApp", "PotrosacApp\PotrosacApp.csproj", "{04C3C6E4-BA9A-4198-A0A0-C03919C7E3C9}"
EndProject
Project("{FAE04EC0-301F-11D3-BF4B-00C04F79EFBC}") = "RadnikApp", "RadnikApp\RadnikApp.csproj", "{E19A160C-3BDD-42B9-BB24-13C126685E5F}"
EndProject
Global
	GlobalSection(SolutionConfigurationPlatforms) = preSolution
		Debug|Any CPU = Debug|Any CPU
		Release|Any CPU = Release|Any CPU
	EndGlobalSection
	GlobalSection(ProjectConfigurationPlatforms) = postSolution
		{0604D8F2-D336-4E19-B550-6964446A9833}.Debug|Any CPU.ActiveCfg = Debug|Any CPU
		{0604D8F2-D336-4E19-B550-6964446A9833}.Debug|Any CPU.Build.0 = Debug|Any CPU
		{0604D8F2-D336-4E19-B550-6964446A9833}.Release|Any CPU.ActiveCfg = Release|Any CPU
		{0604D8F2-D336-4E19-B550-6964446A9833}.Release|Any CPU.Build.0 = Release|Any CPU
		{04C3C6E4-BA9A-4198-A0A0-C03919C7E3C9}.Debug|Any CPU.ActiveCfg = Debug|Any CPU
		{04C3C6E4-BA9A-4198-A0A0-C03919C7E3C9}.Debug|Any CPU.Build.0 = Debug|Any CPU
		{04C3C6E4-BA9A-4198-A0A0-C03919C7E3C9}.Release|Any CPU.ActiveCfg = Release|Any CPU
		{04C3C6E4-BA9A-4198-A0A0-C03919C7E3C9}.Release|Any CPU.Build.0 = Release|Any CPU
		{E19A160C-3BDD-42B9-BB24-13C126685E5F}.Debug|Any CPU.ActiveCfg = Debug|Any CPU
		{E19A160C-3BDD-42B9-BB24-13C126685E5F}.Debug|Any CPU.Build.0 = Debug|Any CPU
		{E19A160C-3BDD-42B9-BB24-13C126685E5F}.Release|Any CPU.ActiveCfg = Release|Any CPU
		{E19A160C-3BDD-42B9-BB24-13C126685E5F}.Release|Any CPU.Build.0 = Release|Any CPU
	EndGlobalSection
	GlobalSection(SolutionProperties) = preSolution
		HideSolutionNode = FALSE
	EndGlobalSection
	GlobalSection(ExtensibilityGlobals) = postSolution
		SolutionGuid = {832E3EE3-E0DF-4F57-8634-569323B9F16C}
	EndGlobalSection
EndGlobal
